lockfileVersion: '9.0'

settings:
  autoInstallPeers: true
  excludeLinksFromLockfile: false

importers:
  .:
    dependencies:
      '@astrojs/mdx':
        specifier: ^7.0.1
        version: 7.0.1
      '@astrojs/sitemap':
        specifier: ^3.7.3
        version: 3.7.3
      '@astrojs/starlight':
        specifier: ^0.41.2
        version: 0.41.2
      '@lucide/astro':
        specifier: ^1.22.0
        version: 1.22.0
      astro:
        specifier: ^7.0.6
        version: 7.0.6
    devDependencies:
      typescript:
        specifier: ^5.9.2
        version: 5.9.2

packages: {}

snapshots: {}
